
Microsoft Visual Studio Solution File, Format Version 12.00
# Visual Studio Version 16
VisualStudioVersion = 16.0.30320.27
MinimumVisualStudioVersion = 10.0.40219.1
Project("{9A19103F-16F7-4668-BE54-9A1E7A4F7556}") = "Main_Project", "Main_Project\Main_Project.csproj", "{AFFCC9C6-5A4D-455C-B845-08A5444FF69D}"
EndProject
Project("{2150E333-8FDC-42A3-9474-1A3956D46DE8}") = "Solution Items", "Solution Items", "{D089EB15-E569-4FCB-AA45-2593635A809A}"
	ProjectSection(SolutionItems) = preProject
		.editorconfig = .editorconfig
	EndProjectSection
EndProject
Global
	GlobalSection(SolutionConfigurationPlatforms) = preSolution
		Debug|Any CPU = Debug|Any CPU
		Release|Any CPU = Release|Any CPU
	EndGlobalSection
	GlobalSection(ProjectConfigurationPlatforms) = postSolution
		{AFFCC9C6-5A4D-455C-B845-08A5444FF69D}.Debug|Any CPU.ActiveCfg = Debug|Any CPU
		{AFFCC9C6-5A4D-455C-B845-08A5444FF69D}.Debug|Any CPU.Build.0 = Debug|Any CPU
		{AFFCC9C6-5A4D-455C-B845-08A5444FF69D}.Release|Any CPU.ActiveCfg = Release|Any CPU
		{AFFCC9C6-5A4D-455C-B845-08A5444FF69D}.Release|Any CPU.Build.0 = Release|Any CPU
	EndGlobalSection
	GlobalSection(SolutionProperties) = preSolution
		HideSolutionNode = FALSE
	EndGlobalSection
	GlobalSection(ExtensibilityGlobals) = postSolution
		SolutionGuid = {F9529D0C-24CB-4911-9988-59DC02B67094}
	EndGlobalSection
EndGlobal
